
Microsoft Visual Studio Solution File, Format Version 12.00
# Visual Studio Version 17
VisualStudioVersion = 17.4.33122.133
MinimumVisualStudioVersion = 10.0.40219.1
Project("{9A19103F-16F7-4668-BE54-9A1E7A4F7556}") = "StoryHubAPI", "StoryHubAPI\StoryHubAPI.csproj", "{64A0664F-10B6-4553-9046-3E20314C106B}"
EndProject
Project("{2150E333-8FDC-42A3-9474-1A3956D46DE8}") = "Solution Items", "Solution Items", "{AD817942-36FC-4C41-AE40-DC10DDDB048A}"
	ProjectSection(SolutionItems) = preProject
		TODO.txt = TODO.txt
	EndProjectSection
EndProject
Global
	GlobalSection(SolutionConfigurationPlatforms) = preSolution
		Debug|Any CPU = Debug|Any CPU
		Release|Any CPU = Release|Any CPU
	EndGlobalSection
	GlobalSection(ProjectConfigurationPlatforms) = postSolution
		{64A0664F-10B6-4553-9046-3E20314C106B}.Debug|Any CPU.ActiveCfg = Debug|Any CPU
		{64A0664F-10B6-4553-9046-3E20314C106B}.Debug|Any CPU.Build.0 = Debug|Any CPU
		{64A0664F-10B6-4553-9046-3E20314C106B}.Release|Any CPU.ActiveCfg = Release|Any CPU
		{64A0664F-10B6-4553-9046-3E20314C106B}.Release|Any CPU.Build.0 = Release|Any CPU
	EndGlobalSection
	GlobalSection(SolutionProperties) = preSolution
		HideSolutionNode = FALSE
	EndGlobalSection
	GlobalSection(ExtensibilityGlobals) = postSolution
		SolutionGuid = {B9AF04B7-F17B-4304-ABA1-7514BE095946}
	EndGlobalSection
EndGlobal
